# This file was autogenerated by Stack.
# You should not edit this file by hand.
# For more information, please see the documentation at:
#   https://docs.haskellstack.org/en/stable/lock_files

packages:
- completed:
    hackage: csv-conduit-0.7.1.0@sha256:a10b802e6326a8738b6962ec35924c3b22effbbc545d4cc671731d8ececb02a5,3278
    pantry-tree:
      size: 886
      sha256: 016bfd9d96861243c35716f4384217d077a570553016f2ff7821bbdca360f816
  original:
    hackage: csv-conduit-0.7.1.0
- completed:
    hackage: random-extras-0.19@sha256:52579ee8653b17d8b19fb54833ecbab8df47b6cf61a77c9614df0c3155441d29,1137
    pantry-tree:
      size: 552
      sha256: 61daee57c0c3e55cb1056176c917bedb3b42315c023398c3f83c9bd75b5e891e
  original:
    hackage: random-extras-0.19
snapshots:
- completed:
    size: 524164
    url: https://raw.githubusercontent.com/commercialhaskell/stackage-snapshots/master/lts/14/22.yaml
    sha256: 7ad8f33179b32d204165a3a662c6269464a47a7e65a30abc38d01b5a38ec42c0
  original: lts-14.22
